// !$*UTF8*$!
{
	archiveVersion = 1;
	classes = {
	};
	objectVersion = 55;
	objects = {

/* Begin PBXBuildFile section */
		C6FA81CF286A3D8300349B4A /* AppDelegate.swift in Sources */ = {isa = PBXBuildFile; fileRef = C6FA81CE286A3D8300349B4A /* AppDelegate.swift */; };
		C6FA81D1286A3D8300349B4A /* SceneDelegate.swift in Sources */ = {isa = PBXBuildFile; fileRef = C6FA81D0286A3D8300349B4A /* SceneDelegate.swift */; };
		C6FA81D3286A3D8300349B4A /* ViewController.swift in Sources */ = {isa = PBXBuildFile; fileRef = C6FA81D2286A3D8300349B4A /* ViewController.swift */; };
		C6FA81D6286A3D8300349B4A /* Main.storyboard in Resources */ = {isa = PBXBuildFile; fileRef = C6FA81D4286A3D8300349B4A /* Main.storyboard */; };
		C6FA81D9286A3D8300349B4A /* toDoListWaveSummer22.xcdatamodeld in Sources */ = {isa = PBXBuildFile; fileRef = C6FA81D7286A3D8300349B4A /* toDoListWaveSummer22.xcdatamodeld */; };
		C6FA81DB286A3D8A00349B4A /* Assets.xcassets in Resources */ = {isa = PBXBuildFile; fileRef = C6FA81DA286A3D8A00349B4A /* Assets.xcassets */; };
		C6FA81DE286A3D8A00349B4A /* LaunchScreen.storyboard in Resources */ = {isa = PBXBuildFile; fileRef = C6FA81DC286A3D8A00349B4A /* LaunchScreen.storyboard */; };
		C6FA81E6286A423000349B4A /* TableViewController.swift in Sources */ = {isa = PBXBuildFile; fileRef = C6FA81E5286A422F00349B4A /* TableViewController.swift */; };
		C6FA81E8286A431700349B4A /* ToDo.swift in Sources */ = {isa = PBXBuildFile; fileRef = C6FA81E7286A431700349B4A /* ToDo.swift */; };
/* End PBXBuildFile section */

/* Begin PBXFileReference section */
		C6FA81CB286A3D8300349B4A /* toDoListWaveSummer22.app */ = {isa = PBXFileReference; explicitFileType = wrapper.application; includeInIndex = 0; path = toDoListWaveSummer22.app; sourceTree = BUILT_PRODUCTS_DIR; };
		C6FA81CE286A3D8300349B4A /* AppDelegate.swift */ = {isa = PBXFileReference; lastKnownFileType = sourcecode.swift; path = AppDelegate.swift; sourceTree = "<group>"; };
		C6FA81D0286A3D8300349B4A /* SceneDelegate.swift */ = {isa = PBXFileReference; lastKnownFileType = sourcecode.swift; path = SceneDelegate.swift; sourceTree = "<group>"; };
		C6FA81D2286A3D8300349B4A /* ViewController.swift */ = {isa = PBXFileReference; lastKnownFileType = sourcecode.swift; path = ViewController.swift; sourceTree = "<group>"; };
		C6FA81D5286A3D8300349B4A /* Base */ = {isa = PBXFileReference; lastKnownFileType = file.storyboard; name = Base; path = Base.lproj/Main.storyboard; sourceTree = "<group>"; };
		C6FA81D8286A3D8300349B4A /* toDoListWaveSummer22.xcdatamodel */ = {isa = PBXFileReference; lastKnownFileType = wrapper.xcdatamodel; path = toDoListWaveSummer22.xcdatamodel; sourceTree = "<group>"; };
		C6FA81DA286A3D8A00349B4A /* Assets.xcassets */ = {isa = PBXFileReference; lastKnownFileType = folder.assetcatalog; path = Assets.xcassets; sourceTree = "<group>"; };
		C6FA81DD286A3D8A00349B4A /* Base */ = {isa = PBXFileReference; lastKnownFileType = file.storyboard; name = Base; path = Base.lproj/LaunchScreen.storyboard; sourceTree = "<group>"; };
		C6FA81DF286A3D8A00349B4A /* Info.plist */ = {isa = PBXFileReference; lastKnownFileType = text.plist.xml; path = Info.plist; sourceTree = "<group>"; };
		C6FA81E5286A422F00349B4A /* TableViewController.swift */ = {isa = PBXFileReference; lastKnownFileType = sourcecode.swift; path = TableViewController.swift; sourceTree = "<group>"; };
		C6FA81E7286A431700349B4A /* ToDo.swift */ = {isa = PBXFileReference; lastKnownFileType = sourcecode.swift; path = ToDo.swift; sourceTree = "<group>"; };
/* End PBXFileReference section */

/* Begin PBXFrameworksBuildPhase section */
		C6FA81C8286A3D8300349B4A /* Frameworks */ = {
			isa = PBXFrameworksBuildPhase;
			buildActionMask = 2147483647;
			files = (
			);
			runOnlyForDeploymentPostprocessing = 0;
		};
/* End PBXFrameworksBuildPhase section */

/* Begin PBXGroup section */
		C6FA81C2286A3D8300349B4A = {
			isa = PBXGroup;
			children = (
				C6FA81CD286A3D8300349B4A /* toDoListWaveSummer22 */,
				C6FA81CC286A3D8300349B4A /* Products */,
			);
			sourceTree = "<group>";
		};
		C6FA81CC286A3D8300349B4A /* Products */ = {
			isa = PBXGroup;
			children = (
				C6FA81CB286A3D8300349B4A /* toDoListWaveSummer22.app */,
			);
			name = Products;
			sourceTree = "<group>";
		};
		C6FA81CD286A3D8300349B4A /* toDoListWaveSummer22 */ = {
			isa = PBXGroup;
			children = (
				C6FA81CE286A3D8300349B4A /* AppDelegate.swift */,
				C6FA81D0286A3D8300349B4A /* SceneDelegate.swift */,
				C6FA81D2286A3D8300349B4A /* ViewController.swift */,
				C6FA81D4286A3D8300349B4A /* Main.storyboard */,
				C6FA81E7286A431700349B4A /* ToDo.swift */,
				C6FA81E5286A422F00349B4A /* TableViewController.swift */,
				C6FA81DA286A3D8A00349B4A /* Assets.xcassets */,
				C6FA81DC286A3D8A00349B4A /* LaunchScreen.storyboard */,
				C6FA81DF286A3D8A00349B4A /* Info.plist */,
				C6FA81D7286A3D8300349B4A /* toDoListWaveSummer22.xcdatamodeld */,
			);
			path = toDoListWaveSummer22;
			sourceTree = "<group>";
		};
/* End PBXGroup section */

/* Begin PBXNativeTarget section */
		C6FA81CA286A3D8300349B4A /* toDoListWaveSummer22 */ = {
			isa = PBXNativeTarget;
			buildConfigurationList = C6FA81E2286A3D8A00349B4A /* Build configuration list for PBXNativeTarget "toDoListWaveSummer22" */;
			buildPhases = (
				C6FA81C7286A3D8300349B4A /* Sources */,
				C6FA81C8286A3D8300349B4A /* Frameworks */,
				C6FA81C9286A3D8300349B4A /* Resources */,
			);
			buildRules = (
			);
			dependencies = (
			);
			name = toDoListWaveSummer22;
			productName = toDoListWaveSummer22;
			productReference = C6FA81CB286A3D8300349B4A /* toDoListWaveSummer22.app */;
			productType = "com.apple.product-type.application";
		};
/* End PBXNativeTarget section */

/* Begin PBXProject section */
		C6FA81C3286A3D8300349B4A /* Project object */ = {
			isa = PBXProject;
			attributes = {
				BuildIndependentTargetsInParallel = 1;
				LastSwiftUpdateCheck = 1340;
				LastUpgradeCheck = 1340;
				TargetAttributes = {
					C6FA81CA286A3D8300349B4A = {
						CreatedOnToolsVersion = 13.4.1;
					};
				};
			};
			buildConfigurationList = C6FA81C6286A3D8300349B4A /* Build configuration list for PBXProject "toDoListWaveSummer22" */;
			compatibilityVersion = "Xcode 13.0";
			developmentRegion = en;
			hasScannedForEncodings = 0;
			knownRegions = (
				en,
				Base,
			);
			mainGroup = C6FA81C2286A3D8300349B4A;
			productRefGroup = C6FA81CC286A3D8300349B4A /* Products */;
			projectDirPath = "";
			projectRoot = "";
			targets = (
				C6FA81CA286A3D8300349B4A /* toDoListWaveSummer22 */,
			);
		};
/* End PBXProject section */

/* Begin PBXResourcesBuildPhase section */
		C6FA81C9286A3D8300349B4A /* Resources */ = {
			isa = PBXResourcesBuildPhase;
			buildActionMask = 2147483647;
			files = (
				C6FA81DE286A3D8A00349B4A /* LaunchScreen.storyboard in Resources */,
				C6FA81DB286A3D8A00349B4A /* Assets.xcassets in Resources */,
				C6FA81D6286A3D8300349B4A /* Main.storyboard in Resources */,
			);
			runOnlyForDeploymentPostprocessing = 0;
		};
/* End PBXResourcesBuildPhase section */

/* Begin PBXSourcesBuildPhase section */
		C6FA81C7286A3D8300349B4A /* Sources */ = {
			isa = PBXSourcesBuildPhase;
			buildActionMask = 2147483647;
			files = (
				C6FA81D3286A3D8300349B4A /* ViewController.swift in Sources */,
				C6FA81D9286A3D8300349B4A /* toDoListWaveSummer22.xcdatamodeld in Sources */,
				C6FA81CF286A3D8300349B4A /* AppDelegate.swift in Sources */,
				C6FA81E8286A431700349B4A /* ToDo.swift in Sources */,
				C6FA81E6286A423000349B4A /* TableViewController.swift in Sources */,
				C6FA81D1286A3D8300349B4A /* SceneDelegate.swift in Sources */,
			);
			runOnlyForDeploymentPostprocessing = 0;
		};
/* End PBXSourcesBuildPhase section */

/* Begin PBXVariantGroup section */
		C6FA81D4286A3D8300349B4A /* Main.storyboard */ = {
			isa = PBXVariantGroup;
			children = (
				C6FA81D5286A3D8300349B4A /* Base */,
			);
			name = Main.storyboard;
			sourceTree = "<group>";
		};
		C6FA81DC286A3D8A00349B4A /* LaunchScreen.storyboard */ = {
			isa = PBXVariantGroup;
			children = (
				C6FA81DD286A3D8A00349B4A /* Base */,
			);
			name = LaunchScreen.storyboard;
			sourceTree = "<group>";
		};
/* End PBXVariantGroup section */

/* Begin XCBuildConfiguration section */
		C6FA81E0286A3D8A00349B4A /* Debug */ = {
			isa = XCBuildConfiguration;
			buildSettings = {
				ALWAYS_SEARCH_USER_PATHS = NO;
				CLANG_ANALYZER_NONNULL = YES;
				CLANG_ANALYZER_NUMBER_OBJECT_CONVERSION = YES_AGGRESSIVE;
				CLANG_CXX_LANGUAGE_STANDARD = "gnu++17";
				CLANG_ENABLE_MODULES = YES;
				CLANG_ENABLE_OBJC_ARC = YES;
				CLANG_ENABLE_OBJC_WEAK = YES;
				CLANG_WARN_BLOCK_CAPTURE_AUTORELEASING = YES;
				CLANG_WARN_BOOL_CONVERSION = YES;
				CLANG_WARN_COMMA = YES;
				CLANG_WARN_CONSTANT_CONVERSION = YES;
				CLANG_WARN_DEPRECATED_OBJC_IMPLEMENTATIONS = YES;
				CLANG_WARN_DIRECT_OBJC_ISA_USAGE = YES_ERROR;
				CLANG_WARN_DOCUMENTATION_COMMENTS = YES;
				CLANG_WARN_EMPTY_BODY = YES;
				CLANG_WARN_ENUM_CONVERSION = YES;
				CLANG_WARN_INFINITE_RECURSION = YES;
				CLANG_WARN_INT_CONVERSION = YES;
				CLANG_WARN_NON_LITERAL_NULL_CONVERSION = YES;
				CLANG_WARN_OBJC_IMPLICIT_RETAIN_SELF = YES;
				CLANG_WARN_OBJC_LITERAL_CONVERSION = YES;
				CLANG_WARN_OBJC_ROOT_CLASS = YES_ERROR;
				CLANG_WARN_QUOTED_INCLUDE_IN_FRAMEWORK_HEADER = YES;
				CLANG_WARN_RANGE_LOOP_ANALYSIS = YES;
				CLANG_WARN_STRICT_PROTOTYPES = YES;
				CLANG_WARN_SUSPICIOUS_MOVE = YES;
				CLANG_WARN_UNGUARDED_AVAILABILITY = YES_AGGRESSIVE;
				CLANG_WARN_UNREACHABLE_CODE = YES;
				CLANG_WARN__DUPLICATE_METHOD_MATCH = YES;
				COPY_PHASE_STRIP = NO;
				DEBUG_INFORMATION_FORMAT = dwarf;
				ENABLE_STRICT_OBJC_MSGSEND = YES;
				ENABLE_TESTABILITY = YES;
				GCC_C_LANGUAGE_STANDARD = gnu11;
				GCC_DYNAMIC_NO_PIC = NO;
				GCC_NO_COMMON_BLOCKS = YES;
				GCC_OPTIMIZATION_LEVEL = 0;
				GCC_PREPROCESSOR_DEFINITIONS = (
					"DEBUG=1",
					"$(inherited)",
				);
				GCC_WARN_64_TO_32_BIT_CONVERSION = YES;
				GCC_WARN_ABOUT_RETURN_TYPE = YES_ERROR;
				GCC_WARN_UNDECLARED_SELECTOR = YES;
				GCC_WARN_UNINITIALIZED_AUTOS = YES_AGGRESSIVE;
				GCC_WARN_UNUSED_FUNCTION = YES;
				GCC_WARN_UNUSED_VARIABLE = YES;
				IPHONEOS_DEPLOYMENT_TARGET = 15.5;
				MTL_ENABLE_DEBUG_INFO = INCLUDE_SOURCE;
				MTL_FAST_MATH = YES;
				ONLY_ACTIVE_ARCH = YES;
				SDKROOT = iphoneos;
				SWIFT_ACTIVE_COMPILATION_CONDITIONS = DEBUG;
				SWIFT_OPTIMIZATION_LEVEL = "-Onone";
			};
			name = Debug;
		};
		C6FA81E1286A3D8A00349B4A /* Release */ = {
			isa = XCBuildConfiguration;
			buildSettings = {
				ALWAYS_SEARCH_USER_PATHS = NO;
				CLANG_ANALYZER_NONNULL = YES;
				CLANG_ANALYZER_NUMBER_OBJECT_CONVERSION = YES_AGGRESSIVE;
				CLANG_CXX_LANGUAGE_STANDARD = "gnu++17";
				CLANG_ENABLE_MODULES = YES;
				CLANG_ENABLE_OBJC_ARC = YES;
				CLANG_ENABLE_OBJC_WEAK = YES;
				CLANG_WARN_BLOCK_CAPTURE_AUTORELEASING = YES;
				CLANG_WARN_BOOL_CONVERSION = YES;
				CLANG_WARN_COMMA = YES;
				CLANG_WARN_CONSTANT_CONVERSION = YES;
				CLANG_WARN_DEPRECATED_OBJC_IMPLEMENTATIONS = YES;
				CLANG_WARN_DIRECT_OBJC_ISA_USAGE = YES_ERROR;
				CLANG_WARN_DOCUMENTATION_COMMENTS = YES;
				CLANG_WARN_EMPTY_BODY = YES;
				CLANG_WARN_ENUM_CONVERSION = YES;
				CLANG_WARN_INFINITE_RECURSION = YES;
				CLANG_WARN_INT_CONVERSION = YES;
				CLANG_WARN_NON_LITERAL_NULL_CONVERSION = YES;
				CLANG_WARN_OBJC_IMPLICIT_RETAIN_SELF = YES;
				CLANG_WARN_OBJC_LITERAL_CONVERSION = YES;
				CLANG_WARN_OBJC_ROOT_CLASS = YES_ERROR;
				CLANG_WARN_QUOTED_INCLUDE_IN_FRAMEWORK_HEADER = YES;
				CLANG_WARN_RANGE_LOOP_ANALYSIS = YES;
				CLANG_WARN_STRICT_PROTOTYPES = YES;
				CLANG_WARN_SUSPICIOUS_MOVE = YES;
				CLANG_WARN_UNGUARDED_AVAILABILITY = YES_AGGRESSIVE;
				CLANG_WARN_UNREACHABLE_CODE = YES;
				CLANG_WARN__DUPLICATE_METHOD_MATCH = YES;
				COPY_PHASE_STRIP = NO;
				DEBUG_INFORMATION_FORMAT = "dwarf-with-dsym";
				ENABLE_NS_ASSERTIONS = NO;
				ENABLE_STRICT_OBJC_MSGSEND = YES;
				GCC_C_LANGUAGE_STANDARD = gnu11;
				GCC_NO_COMMON_BLOCKS = YES;
				GCC_WARN_64_TO_32_BIT_CONVERSION = YES;
				GCC_WARN_ABOUT_RETURN_TYPE = YES_ERROR;
				GCC_WARN_UNDECLARED_SELECTOR = YES;
				GCC_WARN_UNINITIALIZED_AUTOS = YES_AGGRESSIVE;
				GCC_WARN_UNUSED_FUNCTION = YES;
				GCC_WARN_UNUSED_VARIABLE = YES;
				IPHONEOS_DEPLOYMENT_TARGET = 15.5;
				MTL_ENABLE_DEBUG_INFO = NO;
				MTL_FAST_MATH = YES;
				SDKROOT = iphoneos;
				SWIFT_COMPILATION_MODE = wholemodule;
				SWIFT_OPTIMIZATION_LEVEL = "-O";
				VALIDATE_PRODUCT = YES;
			};
			name = Release;
		};
		C6FA81E3286A3D8A00349B4A /* Debug */ = {
			isa = XCBuildConfiguration;
			buildSettings = {
				ASSETCATALOG_COMPILER_APPICON_NAME = AppIcon;
				ASSETCATALOG_COMPILER_GLOBAL_ACCENT_COLOR_NAME = AccentColor;
				CODE_SIGN_STYLE = Automatic;
				CURRENT_PROJECT_VERSION = 1;
				DEVELOPMENT_TEAM = W4W8RT85GV;
				GENERATE_INFOPLIST_FILE = YES;
				INFOPLIST_FILE = toDoListWaveSummer22/Info.plist;
				INFOPLIST_KEY_UIApplicationSupportsIndirectInputEvents = YES;
				INFOPLIST_KEY_UILaunchStoryboardName = LaunchScreen;
				INFOPLIST_KEY_UIMainStoryboardFile = Main;
				INFOPLIST_KEY_UISupportedInterfaceOrientations_iPad = "UIInterfaceOrientationPortrait UIInterfaceOrientationPortraitUpsideDown UIInterfaceOrientationLandscapeLeft UIInterfaceOrientationLandscapeRight";
				INFOPLIST_KEY_UISupportedInterfaceOrientations_iPhone = "UIInterfaceOrientationPortrait UIInterfaceOrientationLandscapeLeft UIInterfaceOrientationLandscapeRight";
				LD_RUNPATH_SEARCH_PATHS = (
					"$(inherited)",
					"@executable_path/Frameworks",
				);
				MARKETING_VERSION = 1.0;
				PRODUCT_BUNDLE_IDENTIFIER = KWK.toDoListWaveSummer22;
				PRODUCT_NAME = "$(TARGET_NAME)";
				SWIFT_EMIT_LOC_STRINGS = YES;
				SWIFT_VERSION = 5.0;
				TARGETED_DEVICE_FAMILY = "1,2";
			};
			name = Debug;
		};
		C6FA81E4286A3D8A00349B4A /* Release */ = {
			isa = XCBuildConfiguration;
			buildSettings = {
				ASSETCATALOG_COMPILER_APPICON_NAME = AppIcon;
				ASSETCATALOG_COMPILER_GLOBAL_ACCENT_COLOR_NAME = AccentColor;
				CODE_SIGN_STYLE = Automatic;
				CURRENT_PROJECT_VERSION = 1;
				DEVELOPMENT_TEAM = W4W8RT85GV;
				GENERATE_INFOPLIST_FILE = YES;
				INFOPLIST_FILE = toDoListWaveSummer22/Info.plist;
				INFOPLIST_KEY_UIApplicationSupportsIndirectInputEvents = YES;
				INFOPLIST_KEY_UILaunchStoryboardName = LaunchScreen;
				INFOPLIST_KEY_UIMainStoryboardFile = Main;
				INFOPLIST_KEY_UISupportedInterfaceOrientations_iPad = "UIInterfaceOrientationPortrait UIInterfaceOrientationPortraitUpsideDown UIInterfaceOrientationLandscapeLeft UIInterfaceOrientationLandscapeRight";
				INFOPLIST_KEY_UISupportedInterfaceOrientations_iPhone = "UIInterfaceOrientationPortrait UIInterfaceOrientationLandscapeLeft UIInterfaceOrientationLandscapeRight";
				LD_RUNPATH_SEARCH_PATHS = (
					"$(inherited)",
					"@executable_path/Frameworks",
				);
				MARKETING_VERSION = 1.0;
				PRODUCT_BUNDLE_IDENTIFIER = KWK.toDoListWaveSummer22;
				PRODUCT_NAME = "$(TARGET_NAME)";
				SWIFT_EMIT_LOC_STRINGS = YES;
				SWIFT_VERSION = 5.0;
				TARGETED_DEVICE_FAMILY = "1,2";
			};
			name = Release;
		};
/* End XCBuildConfiguration section */

/* Begin XCConfigurationList section */
		C6FA81C6286A3D8300349B4A /* Build configuration list for PBXProject "toDoListWaveSummer22" */ = {
			isa = XCConfigurationList;
			buildConfigurations = (
				C6FA81E0286A3D8A00349B4A /* Debug */,
				C6FA81E1286A3D8A00349B4A /* Release */,
			);
			defaultConfigurationIsVisible = 0;
			defaultConfigurationName = Release;
		};
		C6FA81E2286A3D8A00349B4A /* Build configuration list for PBXNativeTarget "toDoListWaveSummer22" */ = {
			isa = XCConfigurationList;
			buildConfigurations = (
				C6FA81E3286A3D8A00349B4A /* Debug */,
				C6FA81E4286A3D8A00349B4A /* Release */,
			);
			defaultConfigurationIsVisible = 0;
			defaultConfigurationName = Release;
		};
/* End XCConfigurationList section */

/* Begin XCVersionGroup section */
		C6FA81D7286A3D8300349B4A /* toDoListWaveSummer22.xcdatamodeld */ = {
			isa = XCVersionGroup;
			children = (
				C6FA81D8286A3D8300349B4A /* toDoListWaveSummer22.xcdatamodel */,
			);
			currentVersion = C6FA81D8286A3D8300349B4A /* toDoListWaveSummer22.xcdatamodel */;
			path = toDoListWaveSummer22.xcdatamodeld;
			sourceTree = "<group>";
			versionGroupType = wrapper.xcdatamodel;
		};
/* End XCVersionGroup section */
	};
	rootObject = C6FA81C3286A3D8300349B4A /* Project object */;
}
